
Microsoft Visual Studio Solution File, Format Version 12.00
# Visual Studio Version 17
VisualStudioVersion = 17.5.2.0
MinimumVisualStudioVersion = 10.0.40219.1
Project("{FAE04EC0-301F-11D3-BF4B-00C04F79EFBC}") = "TicketTracker.Api", "TicketTracker.Api\TicketTracker.Api.csproj", "{738C263A-AF71-BCDA-66D5-15DAFB853C29}"
EndProject
Project("{FAE04EC0-301F-11D3-BF4B-00C04F79EFBC}") = "TicketTracker.IntegrationTests", "TicketTracker.IntegrationTests\TicketTracker.IntegrationTests.csproj", "{65E8DAEF-82AC-45BC-B95C-155BC26589C7}"
EndProject
Project("{FAE04EC0-301F-11D3-BF4B-00C04F79EFBC}") = "TicketTracker.Ui", "TicketTracker.Ui\TicketTracker.Ui.csproj", "{C988CB3E-E2F3-4896-8A80-64EB99592281}"
EndProject
Global
	GlobalSection(SolutionConfigurationPlatforms) = preSolution
		Debug|Any CPU = Debug|Any CPU
		Debug|x64 = Debug|x64
		Debug|x86 = Debug|x86
		Release|Any CPU = Release|Any CPU
		Release|x64 = Release|x64
		Release|x86 = Release|x86
	EndGlobalSection
	GlobalSection(ProjectConfigurationPlatforms) = postSolution
		{738C263A-AF71-BCDA-66D5-15DAFB853C29}.Debug|Any CPU.ActiveCfg = Debug|Any CPU
		{738C263A-AF71-BCDA-66D5-15DAFB853C29}.Debug|Any CPU.Build.0 = Debug|Any CPU
		{738C263A-AF71-BCDA-66D5-15DAFB853C29}.Debug|x64.ActiveCfg = Debug|Any CPU
		{738C263A-AF71-BCDA-66D5-15DAFB853C29}.Debug|x64.Build.0 = Debug|Any CPU
		{738C263A-AF71-BCDA-66D5-15DAFB853C29}.Debug|x86.ActiveCfg = Debug|Any CPU
		{738C263A-AF71-BCDA-66D5-15DAFB853C29}.Debug|x86.Build.0 = Debug|Any CPU
		{738C263A-AF71-BCDA-66D5-15DAFB853C29}.Release|Any CPU.ActiveCfg = Release|Any CPU
		{738C263A-AF71-BCDA-66D5-15DAFB853C29}.Release|Any CPU.Build.0 = Release|Any CPU
		{738C263A-AF71-BCDA-66D5-15DAFB853C29}.Release|x64.ActiveCfg = Release|Any CPU
		{738C263A-AF71-BCDA-66D5-15DAFB853C29}.Release|x64.Build.0 = Release|Any CPU
		{738C263A-AF71-BCDA-66D5-15DAFB853C29}.Release|x86.ActiveCfg = Release|Any CPU
		{738C263A-AF71-BCDA-66D5-15DAFB853C29}.Release|x86.Build.0 = Release|Any CPU
		{65E8DAEF-82AC-45BC-B95C-155BC26589C7}.Debug|Any CPU.ActiveCfg = Debug|Any CPU
		{65E8DAEF-82AC-45BC-B95C-155BC26589C7}.Debug|Any CPU.Build.0 = Debug|Any CPU
		{65E8DAEF-82AC-45BC-B95C-155BC26589C7}.Debug|x64.ActiveCfg = Debug|Any CPU
		{65E8DAEF-82AC-45BC-B95C-155BC26589C7}.Debug|x64.Build.0 = Debug|Any CPU
		{65E8DAEF-82AC-45BC-B95C-155BC26589C7}.Debug|x86.ActiveCfg = Debug|Any CPU
		{65E8DAEF-82AC-45BC-B95C-155BC26589C7}.Debug|x86.Build.0 = Debug|Any CPU
		{65E8DAEF-82AC-45BC-B95C-155BC26589C7}.Release|Any CPU.ActiveCfg = Release|Any CPU
		{65E8DAEF-82AC-45BC-B95C-155BC26589C7}.Release|Any CPU.Build.0 = Release|Any CPU
		{65E8DAEF-82AC-45BC-B95C-155BC26589C7}.Release|x64.ActiveCfg = Release|Any CPU
		{65E8DAEF-82AC-45BC-B95C-155BC26589C7}.Release|x64.Build.0 = Release|Any CPU
		{65E8DAEF-82AC-45BC-B95C-155BC26589C7}.Release|x86.ActiveCfg = Release|Any CPU
		{65E8DAEF-82AC-45BC-B95C-155BC26589C7}.Release|x86.Build.0 = Release|Any CPU
		{C988CB3E-E2F3-4896-8A80-64EB99592281}.Debug|Any CPU.ActiveCfg = Debug|Any CPU
		{C988CB3E-E2F3-4896-8A80-64EB99592281}.Debug|Any CPU.Build.0 = Debug|Any CPU
		{C988CB3E-E2F3-4896-8A80-64EB99592281}.Debug|x64.ActiveCfg = Debug|Any CPU
		{C988CB3E-E2F3-4896-8A80-64EB99592281}.Debug|x64.Build.0 = Debug|Any CPU
		{C988CB3E-E2F3-4896-8A80-64EB99592281}.Debug|x86.ActiveCfg = Debug|Any CPU
		{C988CB3E-E2F3-4896-8A80-64EB99592281}.Debug|x86.Build.0 = Debug|Any CPU
		{C988CB3E-E2F3-4896-8A80-64EB99592281}.Release|Any CPU.ActiveCfg = Release|Any CPU
		{C988CB3E-E2F3-4896-8A80-64EB99592281}.Release|Any CPU.Build.0 = Release|Any CPU
		{C988CB3E-E2F3-4896-8A80-64EB99592281}.Release|x64.ActiveCfg = Release|Any CPU
		{C988CB3E-E2F3-4896-8A80-64EB99592281}.Release|x64.Build.0 = Release|Any CPU
		{C988CB3E-E2F3-4896-8A80-64EB99592281}.Release|x86.ActiveCfg = Release|Any CPU
		{C988CB3E-E2F3-4896-8A80-64EB99592281}.Release|x86.Build.0 = Release|Any CPU
	EndGlobalSection
	GlobalSection(SolutionProperties) = preSolution
		HideSolutionNode = FALSE
	EndGlobalSection
	GlobalSection(ExtensibilityGlobals) = postSolution
		SolutionGuid = {00DA5AD4-7548-4947-83A4-8E695EE445DE}
	EndGlobalSection
EndGlobal
